
Microsoft Visual Studio Solution File, Format Version 12.00
# Visual Studio 2013
VisualStudioVersion = 12.0.40629.0
MinimumVisualStudioVersion = 10.0.40219.1
Project("{FAE04EC0-301F-11D3-BF4B-00C04F79EFBC}") = "BlogExporter.Shell", "BlogExporter.Shell\BlogExporter.Shell.csproj", "{D1D40E4F-8DC5-46AF-8729-C29F9AC06E97}"
EndProject
Project("{FAE04EC0-301F-11D3-BF4B-00C04F79EFBC}") = "Blog.Process", "Blog.Process\Blog.Process.csproj", "{4C2DBC7C-EFF7-49E5-ADD2-CE3285C0980F}"
EndProject
Project("{FAE04EC0-301F-11D3-BF4B-00C04F79EFBC}") = "Blog.Common", "Blog.Common\Blog.Common.csproj", "{F932E34C-3005-4E15-B42B-46733ED1B4E3}"
EndProject
Global
	GlobalSection(SolutionConfigurationPlatforms) = preSolution
		Debug|Any CPU = Debug|Any CPU
		Release|Any CPU = Release|Any CPU
	EndGlobalSection
	GlobalSection(ProjectConfigurationPlatforms) = postSolution
		{D1D40E4F-8DC5-46AF-8729-C29F9AC06E97}.Debug|Any CPU.ActiveCfg = Debug|Any CPU
		{D1D40E4F-8DC5-46AF-8729-C29F9AC06E97}.Debug|Any CPU.Build.0 = Debug|Any CPU
		{D1D40E4F-8DC5-46AF-8729-C29F9AC06E97}.Release|Any CPU.ActiveCfg = Release|Any CPU
		{D1D40E4F-8DC5-46AF-8729-C29F9AC06E97}.Release|Any CPU.Build.0 = Release|Any CPU
		{4C2DBC7C-EFF7-49E5-ADD2-CE3285C0980F}.Debug|Any CPU.ActiveCfg = Debug|Any CPU
		{4C2DBC7C-EFF7-49E5-ADD2-CE3285C0980F}.Debug|Any CPU.Build.0 = Debug|Any CPU
		{4C2DBC7C-EFF7-49E5-ADD2-CE3285C0980F}.Release|Any CPU.ActiveCfg = Release|Any CPU
		{4C2DBC7C-EFF7-49E5-ADD2-CE3285C0980F}.Release|Any CPU.Build.0 = Release|Any CPU
		{F932E34C-3005-4E15-B42B-46733ED1B4E3}.Debug|Any CPU.ActiveCfg = Debug|Any CPU
		{F932E34C-3005-4E15-B42B-46733ED1B4E3}.Debug|Any CPU.Build.0 = Debug|Any CPU
		{F932E34C-3005-4E15-B42B-46733ED1B4E3}.Release|Any CPU.ActiveCfg = Release|Any CPU
		{F932E34C-3005-4E15-B42B-46733ED1B4E3}.Release|Any CPU.Build.0 = Release|Any CPU
	EndGlobalSection
	GlobalSection(SolutionProperties) = preSolution
		HideSolutionNode = FALSE
	EndGlobalSection
EndGlobal
